# THIS IS AN AUTOGENERATED FILE. DO NOT EDIT THIS FILE DIRECTLY.
# yarn lockfile v1


"@tauri-apps/cli-darwin-arm64@1.5.7":
  version "1.5.7"
  resolved "https://registry.yarnpkg.com/@tauri-apps/cli-darwin-arm64/-/cli-darwin-arm64-1.5.7.tgz#3435f1b6c4b431e0283f94c3a0bd486be66b24ee"
  integrity sha512-eUpOUhs2IOpKaLa6RyGupP2owDLfd0q2FR/AILzryjtBtKJJRDQQvuotf+LcbEce2Nc2AHeYJIqYAsB4sw9K+g==

"@tauri-apps/cli-darwin-x64@1.5.7":
  version "1.5.7"
  resolved "https://registry.yarnpkg.com/@tauri-apps/cli-darwin-x64/-/cli-darwin-x64-1.5.7.tgz#d3d646e790067158d14a1f631a50c67dc05e3360"
  integrity sha512-zfumTv1xUuR+RB1pzhRy+51tB6cm8I76g0xUBaXOfEdOJ9FqW5GW2jdnEUbpNuU65qJ1lB8LVWHKGrSWWKazew==

"@tauri-apps/cli-linux-arm-gnueabihf@1.5.7":
  version "1.5.7"
  resolved "https://registry.yarnpkg.com/@tauri-apps/cli-linux-arm-gnueabihf/-/cli-linux-arm-gnueabihf-1.5.7.tgz#049c12980cdfd67fe9e5163762bf77f3c85f6956"
  integrity sha512-JngWNqS06bMND9PhiPWp0e+yknJJuSozsSbo+iMzHoJNRauBZCUx+HnUcygUR66Cy6qM4eJvLXtsRG7ApxvWmg==

"@tauri-apps/cli-linux-arm64-gnu@1.5.7":
  version "1.5.7"
  resolved "https://registry.yarnpkg.com/@tauri-apps/cli-linux-arm64-gnu/-/cli-linux-arm64-gnu-1.5.7.tgz#d1c143da15cba74eebfaaf1662f0734e30f97562"
  integrity sha512-WyIYP9BskgBGq+kf4cLAyru8ArrxGH2eMYGBJvuNEuSaqBhbV0i1uUxvyWdazllZLAEz1WvSocUmSwLknr1+sQ==

"@tauri-apps/cli-linux-arm64-musl@1.5.7":
  version "1.5.7"
  resolved "https://registry.yarnpkg.com/@tauri-apps/cli-linux-arm64-musl/-/cli-linux-arm64-musl-1.5.7.tgz#f79a17f5360a8ab25b90f3a8e9e6327d5378072f"
  integrity sha512-OrDpihQP2MB0JY1a/wP9wsl9dDjFDpVEZOQxt4hU+UVGRCZQok7ghPBg4+Xpd1CkNkcCCuIeY8VxRvwLXpnIzg==

"@tauri-apps/cli-linux-x64-gnu@1.5.7":
  version "1.5.7"
  resolved "https://registry.yarnpkg.com/@tauri-apps/cli-linux-x64-gnu/-/cli-linux-x64-gnu-1.5.7.tgz#2cbd17998dcfc8a465d61f30ac9e99ae65e2c2e8"
  integrity sha512-4T7FAYVk76rZi8VkuLpiKUAqaSxlva86C1fHm/RtmoTKwZEV+MI3vIMoVg+AwhyWIy9PS55C75nF7+OwbnFnvQ==

"@tauri-apps/cli-linux-x64-musl@1.5.7":
  version "1.5.7"
  resolved "https://registry.yarnpkg.com/@tauri-apps/cli-linux-x64-musl/-/cli-linux-x64-musl-1.5.7.tgz#d5d4ddded945cc781568d72b7eba367121f28525"
  integrity sha512-LL9aMK601BmQjAUDcKWtt5KvAM0xXi0iJpOjoUD3LPfr5dLvBMTflVHQDAEtuZexLQyqpU09+60781PrI/FCTw==

"@tauri-apps/cli-win32-arm64-msvc@1.5.7":
  version "1.5.7"
  resolved "https://registry.yarnpkg.com/@tauri-apps/cli-win32-arm64-msvc/-/cli-win32-arm64-msvc-1.5.7.tgz#05a1bd4e2bc692bad995edb9d07e616cc5682fd5"
  integrity sha512-TmAdM6GVkfir3AUFsDV2gyc25kIbJeAnwT72OnmJGAECHs/t/GLP9IkFLLVcFKsiosRf8BXhVyQ84NYkSWo14w==

"@tauri-apps/cli-win32-ia32-msvc@1.5.7":
  version "1.5.7"
  resolved "https://registry.yarnpkg.com/@tauri-apps/cli-win32-ia32-msvc/-/cli-win32-ia32-msvc-1.5.7.tgz#8c832f4dc88374255ef1cda4d2d6a6d61a921388"
  integrity sha512-bqWfxwCfLmrfZy69sEU19KHm5TFEaMb8KIekd4aRq/kyOlrjKLdZxN1PyNRP8zpJA1lTiRHzfUDfhpmnZH/skg==

"@tauri-apps/cli-win32-x64-msvc@1.5.7":
  version "1.5.7"
  resolved "https://registry.yarnpkg.com/@tauri-apps/cli-win32-x64-msvc/-/cli-win32-x64-msvc-1.5.7.tgz#adfcce46f796dd22ef69fb26ad8c6972a3263985"
  integrity sha512-OxLHVBNdzyQ//xT3kwjQFnJTn/N5zta/9fofAkXfnL7vqmVn6s/RY1LDa3sxCHlRaKw0n3ShpygRbM9M8+sO9w==

"@tauri-apps/cli@^1.5.7":
  version "1.5.7"
  resolved "https://registry.yarnpkg.com/@tauri-apps/cli/-/cli-1.5.7.tgz#8f9a8bf577a39b7f7c0e5b125e7b5b3e149cfb5a"
  integrity sha512-z7nXLpDAYfQqR5pYhQlWOr88DgPq1AfQyxHhGiakiVgWlaG0ikEfQxop2txrd52H0TRADG0JHR9vFrVFPv4hVQ==
  optionalDependencies:
    "@tauri-apps/cli-darwin-arm64" "1.5.7"
    "@tauri-apps/cli-darwin-x64" "1.5.7"
    "@tauri-apps/cli-linux-arm-gnueabihf" "1.5.7"
    "@tauri-apps/cli-linux-arm64-gnu" "1.5.7"
    "@tauri-apps/cli-linux-arm64-musl" "1.5.7"
    "@tauri-apps/cli-linux-x64-gnu" "1.5.7"
    "@tauri-apps/cli-linux-x64-musl" "1.5.7"
    "@tauri-apps/cli-win32-arm64-msvc" "1.5.7"
    "@tauri-apps/cli-win32-ia32-msvc" "1.5.7"
    "@tauri-apps/cli-win32-x64-msvc" "1.5.7"
